
Microsoft Visual Studio Solution File, Format Version 12.00
# Visual Studio Version 16
VisualStudioVersion = 16.0.30621.155
MinimumVisualStudioVersion = 10.0.40219.1
Project("{9A19103F-16F7-4668-BE54-9A1E7A4F7556}") = "eShopSolution.WebApp", "eShopSolution.WebApp\eShopSolution.WebApp.csproj", "{0EE1602A-68AF-4B31-9295-5BFA2717E027}"
EndProject
Project("{2150E333-8FDC-42A3-9474-1A3956D46DE8}") = "Solution Items", "Solution Items", "{5F29D917-EC2B-49A1-91B8-C7B5503CD94D}"
	ProjectSection(SolutionItems) = preProject
		README.md = README.md
	EndProjectSection
EndProject
Project("{9A19103F-16F7-4668-BE54-9A1E7A4F7556}") = "eShopSolution.Data", "eShopSolution.Data\eShopSolution.Data.csproj", "{B6DF189E-42C2-4286-9F7C-0A81249E1BB0}"
EndProject
Project("{9A19103F-16F7-4668-BE54-9A1E7A4F7556}") = "eShopSolution.Application", "eShopSolution.Application\eShopSolution.Application.csproj", "{3084F8E2-3478-42D1-8093-2B7525A16AD7}"
EndProject
Project("{FAE04EC0-301F-11D3-BF4B-00C04F79EFBC}") = "eShopSolution.Utilities", "eShopSolution.Utilities\eShopSolution.Utilities.csproj", "{39487039-0290-412A-8EF1-B4B0AE88EFFF}"
EndProject
Global
	GlobalSection(SolutionConfigurationPlatforms) = preSolution
		Debug|Any CPU = Debug|Any CPU
		Release|Any CPU = Release|Any CPU
	EndGlobalSection
	GlobalSection(ProjectConfigurationPlatforms) = postSolution
		{0EE1602A-68AF-4B31-9295-5BFA2717E027}.Debug|Any CPU.ActiveCfg = Debug|Any CPU
		{0EE1602A-68AF-4B31-9295-5BFA2717E027}.Debug|Any CPU.Build.0 = Debug|Any CPU
		{0EE1602A-68AF-4B31-9295-5BFA2717E027}.Release|Any CPU.ActiveCfg = Release|Any CPU
		{0EE1602A-68AF-4B31-9295-5BFA2717E027}.Release|Any CPU.Build.0 = Release|Any CPU
		{B6DF189E-42C2-4286-9F7C-0A81249E1BB0}.Debug|Any CPU.ActiveCfg = Debug|Any CPU
		{B6DF189E-42C2-4286-9F7C-0A81249E1BB0}.Debug|Any CPU.Build.0 = Debug|Any CPU
		{B6DF189E-42C2-4286-9F7C-0A81249E1BB0}.Release|Any CPU.ActiveCfg = Release|Any CPU
		{B6DF189E-42C2-4286-9F7C-0A81249E1BB0}.Release|Any CPU.Build.0 = Release|Any CPU
		{3084F8E2-3478-42D1-8093-2B7525A16AD7}.Debug|Any CPU.ActiveCfg = Debug|Any CPU
		{3084F8E2-3478-42D1-8093-2B7525A16AD7}.Debug|Any CPU.Build.0 = Debug|Any CPU
		{3084F8E2-3478-42D1-8093-2B7525A16AD7}.Release|Any CPU.ActiveCfg = Release|Any CPU
		{3084F8E2-3478-42D1-8093-2B7525A16AD7}.Release|Any CPU.Build.0 = Release|Any CPU
		{39487039-0290-412A-8EF1-B4B0AE88EFFF}.Debug|Any CPU.ActiveCfg = Debug|Any CPU
		{39487039-0290-412A-8EF1-B4B0AE88EFFF}.Debug|Any CPU.Build.0 = Debug|Any CPU
		{39487039-0290-412A-8EF1-B4B0AE88EFFF}.Release|Any CPU.ActiveCfg = Release|Any CPU
		{39487039-0290-412A-8EF1-B4B0AE88EFFF}.Release|Any CPU.Build.0 = Release|Any CPU
	EndGlobalSection
	GlobalSection(SolutionProperties) = preSolution
		HideSolutionNode = FALSE
	EndGlobalSection
	GlobalSection(ExtensibilityGlobals) = postSolution
		SolutionGuid = {C3AD1245-AE2A-48F9-81A5-009FFA8F728D}
	EndGlobalSection
EndGlobal
